
Microsoft Visual Studio Solution File, Format Version 12.00
Project("{FAE04EC0-301F-11D3-BF4B-00C04F79EFBC}") = "BypassTlsFingerprint", "BypassTlsFingerprint\BypassTlsFingerprint.csproj", "{918C0255-3CF9-4A83-93B3-AB7FB12C19F5}"
EndProject
Project("{FAE04EC0-301F-11D3-BF4B-00C04F79EFBC}") = "BypassTlsFingerprint.Tests", "BypassTlsFingerprint.Tests\BypassTlsFingerprint.Tests.csproj", "{7182AB3B-D8C0-429F-825D-7EA940FEDF32}"
EndProject
Global
	GlobalSection(SolutionConfigurationPlatforms) = preSolution
		Debug|Any CPU = Debug|Any CPU
		Release|Any CPU = Release|Any CPU
	EndGlobalSection
	GlobalSection(ProjectConfigurationPlatforms) = postSolution
		{918C0255-3CF9-4A83-93B3-AB7FB12C19F5}.Debug|Any CPU.ActiveCfg = Debug|Any CPU
		{918C0255-3CF9-4A83-93B3-AB7FB12C19F5}.Debug|Any CPU.Build.0 = Debug|Any CPU
		{918C0255-3CF9-4A83-93B3-AB7FB12C19F5}.Release|Any CPU.ActiveCfg = Release|Any CPU
		{918C0255-3CF9-4A83-93B3-AB7FB12C19F5}.Release|Any CPU.Build.0 = Release|Any CPU
		{7182AB3B-D8C0-429F-825D-7EA940FEDF32}.Debug|Any CPU.ActiveCfg = Debug|Any CPU
		{7182AB3B-D8C0-429F-825D-7EA940FEDF32}.Debug|Any CPU.Build.0 = Debug|Any CPU
		{7182AB3B-D8C0-429F-825D-7EA940FEDF32}.Release|Any CPU.ActiveCfg = Release|Any CPU
		{7182AB3B-D8C0-429F-825D-7EA940FEDF32}.Release|Any CPU.Build.0 = Release|Any CPU
	EndGlobalSection
EndGlobal
